PODS:
  - Flutter (1.0.0)
  - get_notifier (0.0.9):
    - Flutter

DEPENDENCIES:
  - Flutter (from `Flutter`)
  - get_notifier (from `.symlinks/plugins/get_notifier/ios`)

EXTERNAL SOURCES:
  Flutter:
    :path: Flutter
  get_notifier:
    :path: ".symlinks/plugins/get_notifier/ios"

SPEC CHECKSUMS:
  Flutter: e0871f40cf51350855a761d2e70bf5af5b9b5de7
  get_notifier: ac782c4c53896ac9406bcd01b46f18c6b1023225

PODFILE CHECKSUM: 49861cd116d891272f8bbf1d6d7b0070321833b7

COCOAPODS: 1.15.2
