PODS:
  - FlutterMacOS (1.0.0)
  - get_notifier (0.0.1):
    - FlutterMacOS

DEPENDENCIES:
  - FlutterMacOS (from `Flutter/ephemeral`)
  - get_notifier (from `Flutter/ephemeral/.symlinks/plugins/get_notifier/macos`)

EXTERNAL SOURCES:
  FlutterMacOS:
    :path: Flutter/ephemeral
  get_notifier:
    :path: Flutter/ephemeral/.symlinks/plugins/get_notifier/macos

SPEC CHECKSUMS:
  FlutterMacOS: 57701585bf7de1b3fc2bb61f6378d73bbdea8424
  get_notifier: 5990d62d5e3c46415846e6a3bd4de23bc52bb9c2

PODFILE CHECKSUM: 6eac6b3292e5142cfc23bdeb71848a40ec51c14c

COCOAPODS: 1.11.2
